
Microsoft Visual Studio Solution File, Format Version 12.00
# Visual Studio Version 17
VisualStudioVersion = 17.13.35913.81 d17.13
MinimumVisualStudioVersion = 10.0.40219.1
Project("{FAE04EC0-301F-11D3-BF4B-00C04F79EFBC}") = "WindowsFormsApp4", "WindowsFormsApp4\WindowsFormsApp4.csproj", "{DFE2D7D8-4BDE-45C8-BE18-AE6618DF9D6C}"
EndProject
Global
	GlobalSection(SolutionConfigurationPlatforms) = preSolution
		Debug|Any CPU = Debug|Any CPU
		Release|Any CPU = Release|Any CPU
	EndGlobalSection
	GlobalSection(ProjectConfigurationPlatforms) = postSolution
		{DFE2D7D8-4BDE-45C8-BE18-AE6618DF9D6C}.Debug|Any CPU.ActiveCfg = Debug|Any CPU
		{DFE2D7D8-4BDE-45C8-BE18-AE6618DF9D6C}.Debug|Any CPU.Build.0 = Debug|Any CPU
		{DFE2D7D8-4BDE-45C8-BE18-AE6618DF9D6C}.Release|Any CPU.ActiveCfg = Release|Any CPU
		{DFE2D7D8-4BDE-45C8-BE18-AE6618DF9D6C}.Release|Any CPU.Build.0 = Release|Any CPU
	EndGlobalSection
	GlobalSection(SolutionProperties) = preSolution
		HideSolutionNode = FALSE
	EndGlobalSection
	GlobalSection(ExtensibilityGlobals) = postSolution
		SolutionGuid = {73F08FAA-5FD2-4484-B735-E60A6CC994E7}
	EndGlobalSection
EndGlobal
